Microsoft Visual Studio Solution File, Format Version 1.00
Project("{BDD4A1A1-7A1F-11D0-AC13-00A0C91E29D5}") = "working.kma.net/ngaus", "NGAUS.vip", "{F03E3D2D-7D34-449E-B86A-CB6316B2F419}"
	ProjectSection(SourceCodeControl) = preProject
		SccAuxPath = 
		WebServer = http://working.kma.net
		WebName = ngaus
	EndProjectSection
EndProject
Global
	GlobalSection(LocalDeployment) = postSolution
		StartupProject = {F03E3D2D-7D34-449E-B86A-CB6316B2F419}
	EndGlobalSection
	GlobalSection(BuildOrder) = postSolution
		0 = {F03E3D2D-7D34-449E-B86A-CB6316B2F419}
	EndGlobalSection
	GlobalSection(SourceCodeControl) = preSolution
		SccProjectName = \u0022$/NGAUS\u0022,\u0020RAVAAAAA
		SccLocalPath = .
	EndGlobalSection
	GlobalSection(DeploymentRoot) = postSolution
	EndGlobalSection
EndGlobal
